
Microsoft Visual Studio Solution File, Format Version 12.00
Project("{FAE04EC0-301F-11D3-BF4B-00C04F79EFBC}") = "controlWork-4", "controlWork-4.csproj", "{4BE26637-7AB5-4E20-A396-CBA137282DFA}"
EndProject
Global
	GlobalSection(SolutionConfigurationPlatforms) = preSolution
		Debug|Any CPU = Debug|Any CPU
		Release|Any CPU = Release|Any CPU
	EndGlobalSection
	GlobalSection(ProjectConfigurationPlatforms) = postSolution
		{4BE26637-7AB5-4E20-A396-CBA137282DFA}.Debug|Any CPU.ActiveCfg = Debug|Any CPU
		{4BE26637-7AB5-4E20-A396-CBA137282DFA}.Debug|Any CPU.Build.0 = Debug|Any CPU
		{4BE26637-7AB5-4E20-A396-CBA137282DFA}.Release|Any CPU.ActiveCfg = Release|Any CPU
		{4BE26637-7AB5-4E20-A396-CBA137282DFA}.Release|Any CPU.Build.0 = Release|Any CPU
	EndGlobalSection
EndGlobal
